<?xml version="1.0" encoding="utf-8"?>
<Project ToolsVersion="4.0" xmlns="http://schemas.microsoft.com/developer/msbuild/2003">
  <ItemGroup>
    <Filter Include="头文件">
      <UniqueIdentifier>{93995380-89BD-4b04-88EB-625FBE52EBFB}</UniqueIdentifier>
      <Extensions>h;hh;hpp;hxx;hm;inl;inc;ipp;xsd</Extensions>
    </Filter>
    <Filter Include="资源文件">
      <UniqueIdentifier>{67DA6AB6-F800-4c08-8B7A-83BB121AAD01}</UniqueIdentifier>
      <Extensions>rc;ico;cur;bmp;dlg;rc2;rct;bin;rgs;gif;jpg;jpeg;jpe;resx;tiff;tif;png;wav;mfcribbon-ms</Extensions>
    </Filter>
    <Filter Include="src">
      <UniqueIdentifier>{4FC737F1-C7A5-4376-A066-2A32D752A2FF}</UniqueIdentifier>
      <Extensions>cpp;c;cc;cxx;def;odl;idl;hpj;bat;asm;asmx</Extensions>
    </Filter>
  </ItemGroup>
  <ItemGroup>
    <ClInclude Include="include\Control.h">
      <Filter>头文件</Filter>
    </ClInclude>
    <ClInclude Include="include\EzUI.h">
      <Filter>头文件</Filter>
    </ClInclude>
    <ClInclude Include="include\HLayout.h">
      <Filter>头文件</Filter>
    </ClInclude>
    <ClInclude Include="include\VLayout.h">
      <Filter>头文件</Filter>
    </ClInclude>
    <ClInclude Include="include\ComBox.h">
      <Filter>头文件</Filter>
    </ClInclude>
    <ClInclude Include="include\Application.h">
      <Filter>头文件</Filter>
    </ClInclude>
    <ClInclude Include="include\BoxShadow.h">
      <Filter>头文件</Filter>
    </ClInclude>
    <ClInclude Include="include\Button.h">
      <Filter>头文件</Filter>
    </ClInclude>
    <ClInclude Include="include\CheckBox.h">
      <Filter>头文件</Filter>
    </ClInclude>
    <ClInclude Include="include\Form.h">
      <Filter>头文件</Filter>
    </ClInclude>
    <ClInclude Include="include\HList.h">
      <Filter>头文件</Filter>
    </ClInclude>
    <ClInclude Include="include\HScrollBar.h">
      <Filter>头文件</Filter>
    </ClInclude>
    <ClInclude Include="include\Label.h">
      <Filter>头文件</Filter>
    </ClInclude>
    <ClInclude Include="include\Menu.h">
      <Filter>头文件</Filter>
    </ClInclude>
    <ClInclude Include="include\NotifyIcon.h">
      <Filter>头文件</Filter>
    </ClInclude>
    <ClInclude Include="include\RadioButton.h">
      <Filter>头文件</Filter>
    </ClInclude>
    <ClInclude Include="include\TabLayout.h">
      <Filter>头文件</Filter>
    </ClInclude>
    <ClInclude Include="include\TileList.h">
      <Filter>头文件</Filter>
    </ClInclude>
    <ClInclude Include="include\UIManager.h">
      <Filter>头文件</Filter>
    </ClInclude>
    <ClInclude Include="include\VList.h">
      <Filter>头文件</Filter>
    </ClInclude>
    <ClInclude Include="include\VScrollBar.h">
      <Filter>头文件</Filter>
    </ClInclude>
    <ClInclude Include="include\Window.h">
      <Filter>头文件</Filter>
    </ClInclude>
    <ClInclude Include="include\Timer.h">
      <Filter>头文件</Filter>
    </ClInclude>
    <ClInclude Include="include\BorderlessWindow.h">
      <Filter>头文件</Filter>
    </ClInclude>
    <ClInclude Include="include\LayeredWindow.h">
      <Filter>头文件</Filter>
    </ClInclude>
    <ClInclude Include="include\ShadowWindow.h">
      <Filter>头文件</Filter>
    </ClInclude>
    <ClInclude Include="include\RenderType.h">
      <Filter>头文件</Filter>
    </ClInclude>
    <ClInclude Include="include\Direct2DRender.h">
      <Filter>头文件</Filter>
    </ClInclude>
    <ClInclude Include="include\EString.h">
      <Filter>头文件</Filter>
    </ClInclude>
    <ClInclude Include="include\UIDef.h">
      <Filter>头文件</Filter>
    </ClInclude>
    <ClInclude Include="include\PoupWindow.h">
      <Filter>头文件</Filter>
    </ClInclude>
    <ClInclude Include="include\unzip.h">
      <Filter>头文件</Filter>
    </ClInclude>
    <ClInclude Include="include\TextBox.h">
      <Filter>头文件</Filter>
    </ClInclude>
    <ClInclude Include="include\PictureBox.h">
      <Filter>头文件</Filter>
    </ClInclude>
    <ClInclude Include="src\tinyxml\tinystr.h">
      <Filter>头文件</Filter>
    </ClInclude>
    <ClInclude Include="src\tinyxml\tinyxml.h">
      <Filter>头文件</Filter>
    </ClInclude>
  </ItemGroup>
  <ItemGroup>
    <None Include="README.md" />
  </ItemGroup>
  <ItemGroup>
    <ClCompile Include="src\tinyxml\tinystr.cpp">
      <Filter>src</Filter>
    </ClCompile>
    <ClCompile Include="src\tinyxml\tinyxml.cpp">
      <Filter>src</Filter>
    </ClCompile>
    <ClCompile Include="src\tinyxml\tinyxmlerror.cpp">
      <Filter>src</Filter>
    </ClCompile>
    <ClCompile Include="src\tinyxml\tinyxmlparser.cpp">
      <Filter>src</Filter>
    </ClCompile>
    <ClCompile Include="src\Application.cpp">
      <Filter>src</Filter>
    </ClCompile>
    <ClCompile Include="src\BorderlessWindow.cpp">
      <Filter>src</Filter>
    </ClCompile>
    <ClCompile Include="src\Button.cpp">
      <Filter>src</Filter>
    </ClCompile>
    <ClCompile Include="src\CheckBox.cpp">
      <Filter>src</Filter>
    </ClCompile>
    <ClCompile Include="src\ComBox.cpp">
      <Filter>src</Filter>
    </ClCompile>
    <ClCompile Include="src\Control.cpp">
      <Filter>src</Filter>
    </ClCompile>
    <ClCompile Include="src\Direct2DRender.cpp">
      <Filter>src</Filter>
    </ClCompile>
    <ClCompile Include="src\EString.cpp">
      <Filter>src</Filter>
    </ClCompile>
    <ClCompile Include="src\EzUI.cpp">
      <Filter>src</Filter>
    </ClCompile>
    <ClCompile Include="src\Form.cpp">
      <Filter>src</Filter>
    </ClCompile>
    <ClCompile Include="src\HLayout.cpp">
      <Filter>src</Filter>
    </ClCompile>
    <ClCompile Include="src\HList.cpp">
      <Filter>src</Filter>
    </ClCompile>
    <ClCompile Include="src\HScrollBar.cpp">
      <Filter>src</Filter>
    </ClCompile>
    <ClCompile Include="src\Label.cpp">
      <Filter>src</Filter>
    </ClCompile>
    <ClCompile Include="src\LayeredWindow.cpp">
      <Filter>src</Filter>
    </ClCompile>
    <ClCompile Include="src\Menu.cpp">
      <Filter>src</Filter>
    </ClCompile>
    <ClCompile Include="src\NotifyIcon.cpp">
      <Filter>src</Filter>
    </ClCompile>
    <ClCompile Include="src\PictureBox.cpp">
      <Filter>src</Filter>
    </ClCompile>
    <ClCompile Include="src\RadioButton.cpp">
      <Filter>src</Filter>
    </ClCompile>
    <ClCompile Include="src\ShadowWindow.cpp">
      <Filter>src</Filter>
    </ClCompile>
    <ClCompile Include="src\TabLayout.cpp">
      <Filter>src</Filter>
    </ClCompile>
    <ClCompile Include="src\TextBox.cpp">
      <Filter>src</Filter>
    </ClCompile>
    <ClCompile Include="src\TileList.cpp">
      <Filter>src</Filter>
    </ClCompile>
    <ClCompile Include="src\UIManager.cpp">
      <Filter>src</Filter>
    </ClCompile>
    <ClCompile Include="src\unzip.cpp">
      <Filter>src</Filter>
    </ClCompile>
    <ClCompile Include="src\VLayout.cpp">
      <Filter>src</Filter>
    </ClCompile>
    <ClCompile Include="src\VList.cpp">
      <Filter>src</Filter>
    </ClCompile>
    <ClCompile Include="src\VScrollBar.cpp">
      <Filter>src</Filter>
    </ClCompile>
    <ClCompile Include="src\Window.cpp">
      <Filter>src</Filter>
    </ClCompile>
  </ItemGroup>
</Project>