<?xml version="1.0" encoding="utf-8"?>
<Project ToolsVersion="4.0" xmlns="http://schemas.microsoft.com/developer/msbuild/2003">
  <ItemGroup>
    <Filter Include="源文件">
      <UniqueIdentifier>{4FC737F1-C7A5-4376-A066-2A32D752A2FF}</UniqueIdentifier>
      <Extensions>cpp;c;cc;cxx;def;odl;idl;hpj;bat;asm;asmx</Extensions>
    </Filter>
    <Filter Include="头文件">
      <UniqueIdentifier>{93995380-89BD-4b04-88EB-625FBE52EBFB}</UniqueIdentifier>
      <Extensions>h;hh;hpp;hxx;hm;inl;inc;ipp;xsd</Extensions>
    </Filter>
    <Filter Include="资源文件">
      <UniqueIdentifier>{67DA6AB6-F800-4c08-8B7A-83BB121AAD01}</UniqueIdentifier>
      <Extensions>rc;ico;cur;bmp;dlg;rc2;rct;bin;rgs;gif;jpg;jpeg;jpe;resx;tiff;tif;png;wav;mfcribbon-ms</Extensions>
    </Filter>
    <Filter Include="tinyxml">
      <UniqueIdentifier>{2147fa2c-a522-4a3a-9995-4f305a54ecb6}</UniqueIdentifier>
    </Filter>
  </ItemGroup>
  <ItemGroup>
    <ClInclude Include="tinyxml\tinystr.h">
      <Filter>tinyxml</Filter>
    </ClInclude>
    <ClInclude Include="tinyxml\tinyxml.h">
      <Filter>tinyxml</Filter>
    </ClInclude>
    <ClInclude Include="include\Control.h">
      <Filter>头文件</Filter>
    </ClInclude>
    <ClInclude Include="include\EzUI.h">
      <Filter>头文件</Filter>
    </ClInclude>
    <ClInclude Include="include\IControl.h">
      <Filter>头文件</Filter>
    </ClInclude>
    <ClInclude Include="include\ui.h">
      <Filter>头文件</Filter>
    </ClInclude>
    <ClInclude Include="include\Painter.h">
      <Filter>头文件</Filter>
    </ClInclude>
    <ClInclude Include="include\Layout.h">
      <Filter>头文件</Filter>
    </ClInclude>
    <ClInclude Include="include\HLayout.h">
      <Filter>头文件</Filter>
    </ClInclude>
    <ClInclude Include="include\VLayout.h">
      <Filter>头文件</Filter>
    </ClInclude>
    <ClInclude Include="include\ComBox.h">
      <Filter>头文件</Filter>
    </ClInclude>
    <ClInclude Include="include\Application.h">
      <Filter>头文件</Filter>
    </ClInclude>
    <ClInclude Include="include\BoxShadow.h">
      <Filter>头文件</Filter>
    </ClInclude>
    <ClInclude Include="include\Button.h">
      <Filter>头文件</Filter>
    </ClInclude>
    <ClInclude Include="include\CheckBox.h">
      <Filter>头文件</Filter>
    </ClInclude>
    <ClInclude Include="include\GdiplusRender.h">
      <Filter>头文件</Filter>
    </ClInclude>
    <ClInclude Include="include\Form.h">
      <Filter>头文件</Filter>
    </ClInclude>
    <ClInclude Include="include\HList.h">
      <Filter>头文件</Filter>
    </ClInclude>
    <ClInclude Include="include\HScrollBar.h">
      <Filter>头文件</Filter>
    </ClInclude>
    <ClInclude Include="include\Label.h">
      <Filter>头文件</Filter>
    </ClInclude>
    <ClInclude Include="include\Menu.h">
      <Filter>头文件</Filter>
    </ClInclude>
    <ClInclude Include="include\NotifyIcon.h">
      <Filter>头文件</Filter>
    </ClInclude>
    <ClInclude Include="include\RadioButton.h">
      <Filter>头文件</Filter>
    </ClInclude>
    <ClInclude Include="include\TabLayout.h">
      <Filter>头文件</Filter>
    </ClInclude>
    <ClInclude Include="include\TileLayout.h">
      <Filter>头文件</Filter>
    </ClInclude>
    <ClInclude Include="include\UIManager.h">
      <Filter>头文件</Filter>
    </ClInclude>
    <ClInclude Include="include\VList.h">
      <Filter>头文件</Filter>
    </ClInclude>
    <ClInclude Include="include\VScrollBar.h">
      <Filter>头文件</Filter>
    </ClInclude>
    <ClInclude Include="include\Window.h">
      <Filter>头文件</Filter>
    </ClInclude>
    <ClInclude Include="include\Edit.h">
      <Filter>头文件</Filter>
    </ClInclude>
    <ClInclude Include="include\Timer.h">
      <Filter>头文件</Filter>
    </ClInclude>
    <ClInclude Include="include\BorderlessWindow.h">
      <Filter>头文件</Filter>
    </ClInclude>
    <ClInclude Include="include\LayeredWindow.h">
      <Filter>头文件</Filter>
    </ClInclude>
    <ClInclude Include="include\ShadowWindow.h">
      <Filter>头文件</Filter>
    </ClInclude>
    <ClInclude Include="include\RenderExType.h">
      <Filter>头文件</Filter>
    </ClInclude>
    <ClInclude Include="include\RenderType.h">
      <Filter>头文件</Filter>
    </ClInclude>
    <ClInclude Include="include\Direct2DRender.h">
      <Filter>头文件</Filter>
    </ClInclude>
  </ItemGroup>
  <ItemGroup>
    <ClCompile Include="Control.cpp">
      <Filter>源文件</Filter>
    </ClCompile>
    <ClCompile Include="IControl.cpp">
      <Filter>源文件</Filter>
    </ClCompile>
    <ClCompile Include="tinyxml\tinyxmlparser.cpp">
      <Filter>tinyxml</Filter>
    </ClCompile>
    <ClCompile Include="tinyxml\tinyxmlerror.cpp">
      <Filter>tinyxml</Filter>
    </ClCompile>
    <ClCompile Include="tinyxml\tinyxml.cpp">
      <Filter>tinyxml</Filter>
    </ClCompile>
    <ClCompile Include="tinyxml\tinystr.cpp">
      <Filter>tinyxml</Filter>
    </ClCompile>
    <ClCompile Include="EzUI.cpp">
      <Filter>源文件</Filter>
    </ClCompile>
    <ClCompile Include="GdiplusRender.cpp">
      <Filter>源文件</Filter>
    </ClCompile>
    <ClCompile Include="VLayout.cpp">
      <Filter>源文件</Filter>
    </ClCompile>
    <ClCompile Include="HLayout.cpp">
      <Filter>源文件</Filter>
    </ClCompile>
    <ClCompile Include="Layout.cpp">
      <Filter>源文件</Filter>
    </ClCompile>
    <ClCompile Include="Application.cpp">
      <Filter>源文件</Filter>
    </ClCompile>
    <ClCompile Include="Button.cpp">
      <Filter>源文件</Filter>
    </ClCompile>
    <ClCompile Include="CheckBox.cpp">
      <Filter>源文件</Filter>
    </ClCompile>
    <ClCompile Include="ComBox.cpp">
      <Filter>源文件</Filter>
    </ClCompile>
    <ClCompile Include="Form.cpp">
      <Filter>源文件</Filter>
    </ClCompile>
    <ClCompile Include="HList.cpp">
      <Filter>源文件</Filter>
    </ClCompile>
    <ClCompile Include="HScrollBar.cpp">
      <Filter>源文件</Filter>
    </ClCompile>
    <ClCompile Include="Label.cpp">
      <Filter>源文件</Filter>
    </ClCompile>
    <ClCompile Include="Menu.cpp">
      <Filter>源文件</Filter>
    </ClCompile>
    <ClCompile Include="NotifyIcon.cpp">
      <Filter>源文件</Filter>
    </ClCompile>
    <ClCompile Include="RadioButton.cpp">
      <Filter>源文件</Filter>
    </ClCompile>
    <ClCompile Include="TabLayout.cpp">
      <Filter>源文件</Filter>
    </ClCompile>
    <ClCompile Include="TileLayout.cpp">
      <Filter>源文件</Filter>
    </ClCompile>
    <ClCompile Include="UIManager.cpp">
      <Filter>源文件</Filter>
    </ClCompile>
    <ClCompile Include="Window.cpp">
      <Filter>源文件</Filter>
    </ClCompile>
    <ClCompile Include="VList.cpp">
      <Filter>源文件</Filter>
    </ClCompile>
    <ClCompile Include="VScrollBar.cpp">
      <Filter>源文件</Filter>
    </ClCompile>
    <ClCompile Include="Edit.cpp">
      <Filter>源文件</Filter>
    </ClCompile>
    <ClCompile Include="BorderlessWindow.cpp">
      <Filter>源文件</Filter>
    </ClCompile>
    <ClCompile Include="LayeredWindow.cpp">
      <Filter>源文件</Filter>
    </ClCompile>
    <ClCompile Include="ShadowWindow.cpp">
      <Filter>源文件</Filter>
    </ClCompile>
    <ClCompile Include="Direct2DRender.cpp">
      <Filter>源文件</Filter>
    </ClCompile>
  </ItemGroup>
  <ItemGroup>
    <None Include="README.md" />
  </ItemGroup>
</Project>