
Microsoft Visual Studio Solution File, Format Version 12.00
# Visual Studio Version 16
VisualStudioVersion = 16.0.31829.152
MinimumVisualStudioVersion = 10.0.40219.1
Project("{8BC9CEB8-8B4A-11D0-8D11-00A0C91BC942}") = "EzUI", "EzUI.vcxproj", "{BE15257D-96DD-4376-8270-403DD4E16783}"
EndProject
Project("{8BC9CEB8-8B4A-11D0-8D11-00A0C91BC942}") = "CloudMusic", "CloudMusic\CloudMusic.vcxproj", "{F2982709-24BE-469D-9EA9-36E5D34A5400}"
EndProject
Global
	GlobalSection(SolutionConfigurationPlatforms) = preSolution
		Debug|x64 = Debug|x64
		Debug|x86 = Debug|x86
		Release|x64 = Release|x64
		Release|x86 = Release|x86
	EndGlobalSection
	GlobalSection(ProjectConfigurationPlatforms) = postSolution
		{BE15257D-96DD-4376-8270-403DD4E16783}.Debug|x64.ActiveCfg = Debug|x64
		{BE15257D-96DD-4376-8270-403DD4E16783}.Debug|x64.Build.0 = Debug|x64
		{BE15257D-96DD-4376-8270-403DD4E16783}.Debug|x86.ActiveCfg = Debug|Win32
		{BE15257D-96DD-4376-8270-403DD4E16783}.Debug|x86.Build.0 = Debug|Win32
		{BE15257D-96DD-4376-8270-403DD4E16783}.Release|x64.ActiveCfg = Release|x64
		{BE15257D-96DD-4376-8270-403DD4E16783}.Release|x64.Build.0 = Release|x64
		{BE15257D-96DD-4376-8270-403DD4E16783}.Release|x86.ActiveCfg = Release|Win32
		{BE15257D-96DD-4376-8270-403DD4E16783}.Release|x86.Build.0 = Release|Win32
		{F2982709-24BE-469D-9EA9-36E5D34A5400}.Debug|x64.ActiveCfg = Debug|x64
		{F2982709-24BE-469D-9EA9-36E5D34A5400}.Debug|x64.Build.0 = Debug|x64
		{F2982709-24BE-469D-9EA9-36E5D34A5400}.Debug|x86.ActiveCfg = Debug|Win32
		{F2982709-24BE-469D-9EA9-36E5D34A5400}.Debug|x86.Build.0 = Debug|Win32
		{F2982709-24BE-469D-9EA9-36E5D34A5400}.Release|x64.ActiveCfg = Release|x64
		{F2982709-24BE-469D-9EA9-36E5D34A5400}.Release|x64.Build.0 = Release|x64
		{F2982709-24BE-469D-9EA9-36E5D34A5400}.Release|x86.ActiveCfg = Release|Win32
		{F2982709-24BE-469D-9EA9-36E5D34A5400}.Release|x86.Build.0 = Release|Win32
	EndGlobalSection
	GlobalSection(SolutionProperties) = preSolution
		HideSolutionNode = FALSE
	EndGlobalSection
	GlobalSection(ExtensibilityGlobals) = postSolution
		SolutionGuid = {8343DFEA-8749-45BA-B32F-030773F96FE7}
	EndGlobalSection
EndGlobal
